{
  "lockfile_version": "1",
  "packages": {
    "github:NixOS/nixpkgs/nixpkgs-unstable": {
      "last_modified": "2025-11-08T12:28:21Z",
      "resolved": "github:NixOS/nixpkgs/f6b44b2401525650256b977063dbcf830f762369?lastModified=1762604901&narHash=sha256-Pr2jpryIaQr9Yx8p6QssS03wqB6UifnnLr3HJw9veDw%3D"
    },
    "nodejs@latest": {
      "last_modified": "2025-11-07T02:32:13Z",
      "plugin_version": "0.0.2",
      "resolved": "github:NixOS/nixpkgs/e1ebeec86b771e9d387dd02d82ffdc77ac753abc#nodejs_24",
      "source": "devbox-search",
      "version": "24.11.0",
      "systems": {
        "aarch64-darwin": {
          "outputs": [
            {
              "name": "out",
              "path": "/nix/store/2473ifz5wy3fsx2mpicfa7bk4dqj02cs-nodejs-24.11.0",
              "default": true
            },
            {
              "name": "dev",
              "path": "/nix/store/3pyvngvh9q0kz06y02ak7gw637n2957h-nodejs-24.11.0-dev"
            },
            {
              "name": "libv8",
              "path": "/nix/store/1x47w78i99rxvpv3qzapy6416c36ncwf-nodejs-24.11.0-libv8"
            }
          ],
          "store_path": "/nix/store/2473ifz5wy3fsx2mpicfa7bk4dqj02cs-nodejs-24.11.0"
        },
        "aarch64-linux": {
          "outputs": [
            {
              "name": "out",
              "path": "/nix/store/12qw780l6ipajc7g1rm2d25yaa068f71-nodejs-24.11.0",
              "default": true
            },
            {
              "name": "dev",
              "path": "/nix/store/f8xhra2ck4x4ldsk47vwnwbhkb832xjs-nodejs-24.11.0-dev"
            },
            {
              "name": "libv8",
              "path": "/nix/store/7p12vb3124mjg3wi69kw40rfkwpxr96v-nodejs-24.11.0-libv8"
            }
          ],
          "store_path": "/nix/store/12qw780l6ipajc7g1rm2d25yaa068f71-nodejs-24.11.0"
        },
        "x86_64-darwin": {
          "outputs": [
            {
              "name": "out",
              "path": "/nix/store/b4h5xp3mskjcjlbv6v9crnicmj3idkjm-nodejs-24.11.0",
              "default": true
            },
            {
              "name": "libv8",
              "path": "/nix/store/lq9s0qi7733lanpqaf5vvv378495ckwc-nodejs-24.11.0-libv8"
            },
            {
              "name": "dev",
              "path": "/nix/store/ihfph5ggw53d6d0cfgzdg2fn4zb9mq2r-nodejs-24.11.0-dev"
            }
          ],
          "store_path": "/nix/store/b4h5xp3mskjcjlbv6v9crnicmj3idkjm-nodejs-24.11.0"
        },
        "x86_64-linux": {
          "outputs": [
            {
              "name": "out",
              "path": "/nix/store/yln56wciplw21gnsljp5gkzyzc2n52ni-nodejs-24.11.0",
              "default": true
            },
            {
              "name": "dev",
              "path": "/nix/store/5ln4hzy2agzk46y0ccc0a2f1wrrb3gpv-nodejs-24.11.0-dev"
            },
            {
              "name": "libv8",
              "path": "/nix/store/k1jvh8asv6hgyrf2mi8l6xpqmz3nr4lq-nodejs-24.11.0-libv8"
            }
          ],
          "store_path": "/nix/store/yln56wciplw21gnsljp5gkzyzc2n52ni-nodejs-24.11.0"
        }
      }
    },
    "pulumi@latest": {
      "last_modified": "2025-10-22T20:59:19Z",
      "resolved": "github:NixOS/nixpkgs/01b6809f7f9d1183a2b3e081f0a1e6f8f415cb09#pulumi",
      "source": "devbox-search",
      "version": "3.192.0",
      "systems": {
        "aarch64-darwin": {
          "outputs": [
            {
              "name": "out",
              "path": "/nix/store/jpsqjsvzgapkswwrzwmaq2nb6gpn1crm-pulumi-3.192.0",
              "default": true
            }
          ],
          "store_path": "/nix/store/jpsqjsvzgapkswwrzwmaq2nb6gpn1crm-pulumi-3.192.0"
        },
        "aarch64-linux": {
          "outputs": [
            {
              "name": "out",
              "path": "/nix/store/yvp9kc5z56wvfncnzcazhqlwnj6wkbc7-pulumi-3.192.0",
              "default": true
            }
          ],
          "store_path": "/nix/store/yvp9kc5z56wvfncnzcazhqlwnj6wkbc7-pulumi-3.192.0"
        },
        "x86_64-darwin": {
          "outputs": [
            {
              "name": "out",
              "path": "/nix/store/ag2ia131if1ifp044jwmp8s9qxdas4bg-pulumi-3.192.0",
              "default": true
            }
          ],
          "store_path": "/nix/store/ag2ia131if1ifp044jwmp8s9qxdas4bg-pulumi-3.192.0"
        },
        "x86_64-linux": {
          "outputs": [
            {
              "name": "out",
              "path": "/nix/store/znkgcz8r9a3wmwf7dd4p6lm7li0hw3j4-pulumi-3.192.0",
              "default": true
            }
          ],
          "store_path": "/nix/store/znkgcz8r9a3wmwf7dd4p6lm7li0hw3j4-pulumi-3.192.0"
        }
      }
    },
    "pulumiPackages.pulumi-language-nodejs@latest": {
      "last_modified": "2025-03-24T07:07:41Z",
      "resolved": "github:NixOS/nixpkgs/1750f3c1c89488e2ffdd47cab9d05454dddfb734#pulumiPackages.pulumi-language-nodejs",
      "source": "devbox-search",
      "version": "3.156.0",
      "systems": {
        "aarch64-darwin": {
          "outputs": [
            {
              "name": "out",
              "path": "/nix/store/rzc9kw1w8k4di3x0ipfmx28qk5k7xl7s-pulumi-language-nodejs-3.156.0",
              "default": true
            }
          ],
          "store_path": "/nix/store/rzc9kw1w8k4di3x0ipfmx28qk5k7xl7s-pulumi-language-nodejs-3.156.0"
        },
        "aarch64-linux": {
          "outputs": [
            {
              "name": "out",
              "path": "/nix/store/0kaqx7v69ylnzcg1znc84dc428sw05sz-pulumi-language-nodejs-3.156.0",
              "default": true
            }
          ],
          "store_path": "/nix/store/0kaqx7v69ylnzcg1znc84dc428sw05sz-pulumi-language-nodejs-3.156.0"
        },
        "x86_64-darwin": {
          "outputs": [
            {
              "name": "out",
              "path": "/nix/store/4dg48jzgsff4bd5walppkb1kyzfnh5kj-pulumi-language-nodejs-3.156.0",
              "default": true
            }
          ],
          "store_path": "/nix/store/4dg48jzgsff4bd5walppkb1kyzfnh5kj-pulumi-language-nodejs-3.156.0"
        },
        "x86_64-linux": {
          "outputs": [
            {
              "name": "out",
              "path": "/nix/store/y8gla1x3vcyy72v8dl59hqqwmvy30d6b-pulumi-language-nodejs-3.156.0",
              "default": true
            }
          ],
          "store_path": "/nix/store/y8gla1x3vcyy72v8dl59hqqwmvy30d6b-pulumi-language-nodejs-3.156.0"
        }
      }
    }
  }
}
